
Microsoft Visual Studio Solution File, Format Version 12.00
# Visual Studio 15
VisualStudioVersion = 15.0.28307.1231
MinimumVisualStudioVersion = 10.0.40219.1
Project("{FAE04EC0-301F-11D3-BF4B-00C04F79EFBC}") = "TestOnfonMsgApi", "TestOnfonMsgApi\TestOnfonMsgApi.csproj", "{E661DF56-27D7-4814-B3F5-AB0682567488}"
EndProject
Global
	GlobalSection(SolutionConfigurationPlatforms) = preSolution
		Debug|Any CPU = Debug|Any CPU
		Release|Any CPU = Release|Any CPU
	EndGlobalSection
	GlobalSection(ProjectConfigurationPlatforms) = postSolution
		{E661DF56-27D7-4814-B3F5-AB0682567488}.Debug|Any CPU.ActiveCfg = Debug|Any CPU
		{E661DF56-27D7-4814-B3F5-AB0682567488}.Debug|Any CPU.Build.0 = Debug|Any CPU
		{E661DF56-27D7-4814-B3F5-AB0682567488}.Release|Any CPU.ActiveCfg = Release|Any CPU
		{E661DF56-27D7-4814-B3F5-AB0682567488}.Release|Any CPU.Build.0 = Release|Any CPU
	EndGlobalSection
	GlobalSection(SolutionProperties) = preSolution
		HideSolutionNode = FALSE
	EndGlobalSection
	GlobalSection(ExtensibilityGlobals) = postSolution
		SolutionGuid = {54D4099D-E22B-4910-9B16-56AF062FAF25}
	EndGlobalSection
EndGlobal
